
Microsoft Visual Studio Solution File, Format Version 12.00
# Visual Studio 14
VisualStudioVersion = 14.0.25420.1
MinimumVisualStudioVersion = 10.0.40219.1
Project("{FAE04EC0-301F-11D3-BF4B-00C04F79EFBC}") = "DecoratorPattern", "DecoratorPattern\DecoratorPattern.csproj", "{C337A43F-A2E4-4B89-9B8A-8DFFAE4A2BCE}"
EndProject
Project("{FAE04EC0-301F-11D3-BF4B-00C04F79EFBC}") = "DecoratorExampleFinal", "DecoratorExampleFinal\DecoratorExampleFinal.csproj", "{0E455222-075F-4819-BE59-547FDF3EF3E0}"
EndProject
Project("{FAE04EC0-301F-11D3-BF4B-00C04F79EFBC}") = "DecoratorExampleFinal.Tests", "DecoratorExampleFinal.Tests\DecoratorExampleFinal.Tests.csproj", "{1F12A799-6E53-4E8A-8C57-AC498E951001}"
EndProject
Global
	GlobalSection(SolutionConfigurationPlatforms) = preSolution
		Debug|Any CPU = Debug|Any CPU
		Debug|ARM = Debug|ARM
		Debug|x64 = Debug|x64
		Debug|x86 = Debug|x86
		Release|Any CPU = Release|Any CPU
		Release|ARM = Release|ARM
		Release|x64 = Release|x64
		Release|x86 = Release|x86
	EndGlobalSection
	GlobalSection(ProjectConfigurationPlatforms) = postSolution
		{C337A43F-A2E4-4B89-9B8A-8DFFAE4A2BCE}.Debug|Any CPU.ActiveCfg = Debug|Any CPU
		{C337A43F-A2E4-4B89-9B8A-8DFFAE4A2BCE}.Debug|Any CPU.Build.0 = Debug|Any CPU
		{C337A43F-A2E4-4B89-9B8A-8DFFAE4A2BCE}.Debug|ARM.ActiveCfg = Debug|Any CPU
		{C337A43F-A2E4-4B89-9B8A-8DFFAE4A2BCE}.Debug|ARM.Build.0 = Debug|Any CPU
		{C337A43F-A2E4-4B89-9B8A-8DFFAE4A2BCE}.Debug|x64.ActiveCfg = Debug|Any CPU
		{C337A43F-A2E4-4B89-9B8A-8DFFAE4A2BCE}.Debug|x64.Build.0 = Debug|Any CPU
		{C337A43F-A2E4-4B89-9B8A-8DFFAE4A2BCE}.Debug|x86.ActiveCfg = Debug|Any CPU
		{C337A43F-A2E4-4B89-9B8A-8DFFAE4A2BCE}.Debug|x86.Build.0 = Debug|Any CPU
		{C337A43F-A2E4-4B89-9B8A-8DFFAE4A2BCE}.Release|Any CPU.ActiveCfg = Release|Any CPU
		{C337A43F-A2E4-4B89-9B8A-8DFFAE4A2BCE}.Release|Any CPU.Build.0 = Release|Any CPU
		{C337A43F-A2E4-4B89-9B8A-8DFFAE4A2BCE}.Release|ARM.ActiveCfg = Release|Any CPU
		{C337A43F-A2E4-4B89-9B8A-8DFFAE4A2BCE}.Release|ARM.Build.0 = Release|Any CPU
		{C337A43F-A2E4-4B89-9B8A-8DFFAE4A2BCE}.Release|x64.ActiveCfg = Release|Any CPU
		{C337A43F-A2E4-4B89-9B8A-8DFFAE4A2BCE}.Release|x64.Build.0 = Release|Any CPU
		{C337A43F-A2E4-4B89-9B8A-8DFFAE4A2BCE}.Release|x86.ActiveCfg = Release|Any CPU
		{C337A43F-A2E4-4B89-9B8A-8DFFAE4A2BCE}.Release|x86.Build.0 = Release|Any CPU
		{0E455222-075F-4819-BE59-547FDF3EF3E0}.Debug|Any CPU.ActiveCfg = Debug|Any CPU
		{0E455222-075F-4819-BE59-547FDF3EF3E0}.Debug|Any CPU.Build.0 = Debug|Any CPU
		{0E455222-075F-4819-BE59-547FDF3EF3E0}.Debug|ARM.ActiveCfg = Debug|Any CPU
		{0E455222-075F-4819-BE59-547FDF3EF3E0}.Debug|ARM.Build.0 = Debug|Any CPU
		{0E455222-075F-4819-BE59-547FDF3EF3E0}.Debug|x64.ActiveCfg = Debug|Any CPU
		{0E455222-075F-4819-BE59-547FDF3EF3E0}.Debug|x64.Build.0 = Debug|Any CPU
		{0E455222-075F-4819-BE59-547FDF3EF3E0}.Debug|x86.ActiveCfg = Debug|Any CPU
		{0E455222-075F-4819-BE59-547FDF3EF3E0}.Debug|x86.Build.0 = Debug|Any CPU
		{0E455222-075F-4819-BE59-547FDF3EF3E0}.Release|Any CPU.ActiveCfg = Release|Any CPU
		{0E455222-075F-4819-BE59-547FDF3EF3E0}.Release|Any CPU.Build.0 = Release|Any CPU
		{0E455222-075F-4819-BE59-547FDF3EF3E0}.Release|ARM.ActiveCfg = Release|Any CPU
		{0E455222-075F-4819-BE59-547FDF3EF3E0}.Release|ARM.Build.0 = Release|Any CPU
		{0E455222-075F-4819-BE59-547FDF3EF3E0}.Release|x64.ActiveCfg = Release|Any CPU
		{0E455222-075F-4819-BE59-547FDF3EF3E0}.Release|x64.Build.0 = Release|Any CPU
		{0E455222-075F-4819-BE59-547FDF3EF3E0}.Release|x86.ActiveCfg = Release|Any CPU
		{0E455222-075F-4819-BE59-547FDF3EF3E0}.Release|x86.Build.0 = Release|Any CPU
		{1F12A799-6E53-4E8A-8C57-AC498E951001}.Debug|Any CPU.ActiveCfg = Debug|Any CPU
		{1F12A799-6E53-4E8A-8C57-AC498E951001}.Debug|Any CPU.Build.0 = Debug|Any CPU
		{1F12A799-6E53-4E8A-8C57-AC498E951001}.Debug|ARM.ActiveCfg = Debug|Any CPU
		{1F12A799-6E53-4E8A-8C57-AC498E951001}.Debug|ARM.Build.0 = Debug|Any CPU
		{1F12A799-6E53-4E8A-8C57-AC498E951001}.Debug|x64.ActiveCfg = Debug|Any CPU
		{1F12A799-6E53-4E8A-8C57-AC498E951001}.Debug|x64.Build.0 = Debug|Any CPU
		{1F12A799-6E53-4E8A-8C57-AC498E951001}.Debug|x86.ActiveCfg = Debug|Any CPU
		{1F12A799-6E53-4E8A-8C57-AC498E951001}.Debug|x86.Build.0 = Debug|Any CPU
		{1F12A799-6E53-4E8A-8C57-AC498E951001}.Release|Any CPU.ActiveCfg = Release|Any CPU
		{1F12A799-6E53-4E8A-8C57-AC498E951001}.Release|Any CPU.Build.0 = Release|Any CPU
		{1F12A799-6E53-4E8A-8C57-AC498E951001}.Release|ARM.ActiveCfg = Release|Any CPU
		{1F12A799-6E53-4E8A-8C57-AC498E951001}.Release|ARM.Build.0 = Release|Any CPU
		{1F12A799-6E53-4E8A-8C57-AC498E951001}.Release|x64.ActiveCfg = Release|Any CPU
		{1F12A799-6E53-4E8A-8C57-AC498E951001}.Release|x64.Build.0 = Release|Any CPU
		{1F12A799-6E53-4E8A-8C57-AC498E951001}.Release|x86.ActiveCfg = Release|Any CPU
		{1F12A799-6E53-4E8A-8C57-AC498E951001}.Release|x86.Build.0 = Release|Any CPU
	EndGlobalSection
	GlobalSection(SolutionProperties) = preSolution
		HideSolutionNode = FALSE
	EndGlobalSection
EndGlobal
